Microsoft Visual Studio Solution File, Format Version 12.00
# Visual Studio Version 17
VisualStudioVersion = 17.5.2.0
MinimumVisualStudioVersion = 10.0.40219.1
Project("{FAE04EC0-301F-11D3-BF4B-00C04F79EFBC}") = "Turnero", "Turnero.csproj", "{B9AAA43C-0A7F-C396-7D30-9B3B57434348}"
EndProject
Global
	GlobalSection(SolutionConfigurationPlatforms) = preSolution
		Debug|Any CPU = Debug|Any CPU
		Release|Any CPU = Release|Any CPU
	EndGlobalSection
	GlobalSection(ProjectConfigurationPlatforms) = postSolution
		{B9AAA43C-0A7F-C396-7D30-9B3B57434348}.Debug|Any CPU.ActiveCfg = Debug|Any CPU
		{B9AAA43C-0A7F-C396-7D30-9B3B57434348}.Debug|Any CPU.Build.0 = Debug|Any CPU
		{B9AAA43C-0A7F-C396-7D30-9B3B57434348}.Release|Any CPU.ActiveCfg = Release|Any CPU
		{B9AAA43C-0A7F-C396-7D30-9B3B57434348}.Release|Any CPU.Build.0 = Release|Any CPU
	EndGlobalSection
	GlobalSection(SolutionProperties) = preSolution
		HideSolutionNode = FALSE
	EndGlobalSection
	GlobalSection(ExtensibilityGlobals) = postSolution
		SolutionGuid = {8509092A-26E3-4F5E-B73E-95633305783F}
	EndGlobalSection
EndGlobal
